
Microsoft Visual Studio Solution File, Format Version 12.00
# Visual Studio Version 16
VisualStudioVersion = 16.0.29209.152
MinimumVisualStudioVersion = 10.0.40219.1
Project("{9A19103F-16F7-4668-BE54-9A1E7A4F7556}") = "TempleLang.Lexer.Abstractions", "TempleLang.Lexer.Abstractions\TempleLang.Lexer.Abstractions.csproj", "{81829B6C-2EDA-4FED-B46A-4FAAA1280156}"
EndProject
Project("{2150E333-8FDC-42A3-9474-1A3956D46DE8}") = "Lexer", "Lexer", "{6B1E8D2E-2621-4205-8A52-921C31EB93F5}"
EndProject
Project("{2150E333-8FDC-42A3-9474-1A3956D46DE8}") = "Parser", "Parser", "{A8A6EF5A-FFE3-4FDA-A33A-C962E09CFEFB}"
EndProject
Project("{9A19103F-16F7-4668-BE54-9A1E7A4F7556}") = "TempleLang.Lexer", "TempleLang.Lexer\TempleLang.Lexer.csproj", "{E60DBF2D-20FE-4542-8FDA-66F06EF63B63}"
EndProject
Project("{9A19103F-16F7-4668-BE54-9A1E7A4F7556}") = "TempleLang.Test", "TempleLang.Test\TempleLang.Test.csproj", "{DDD12E43-9089-484E-9D76-57CC9D0C95F4}"
EndProject
Project("{9A19103F-16F7-4668-BE54-9A1E7A4F7556}") = "TempleLang.Parser", "TempleLang.Parser\TempleLang.Parser.csproj", "{EF359EDF-7736-49CF-96A9-D29BCECBE92F}"
EndProject
Project("{9A19103F-16F7-4668-BE54-9A1E7A4F7556}") = "TempleLang.Parser.Abstractions", "TempleLang.Parser.Abstractions\TempleLang.Parser.Abstractions.csproj", "{AC5682DF-F89A-4031-8D1D-4DB117EE261D}"
EndProject
Project("{2150E333-8FDC-42A3-9474-1A3956D46DE8}") = "Compiler", "Compiler", "{74C38B6F-6E61-4E17-A213-059696CAA13C}"
EndProject
Project("{9A19103F-16F7-4668-BE54-9A1E7A4F7556}") = "TempleLang.Intermediate", "TempleLang.Intermediate\TempleLang.Intermediate.csproj", "{E50247F3-6D72-4188-9576-FC179C9CB5AF}"
EndProject
Project("{9A19103F-16F7-4668-BE54-9A1E7A4F7556}") = "TempleLang.AbstractASM", "TempleLang.AbstractASM\TempleLang.AbstractASM.csproj", "{4F061146-6250-472F-A098-D921211071AD}"
EndProject
Project("{2150E333-8FDC-42A3-9474-1A3956D46DE8}") = "Diagnostic", "Diagnostic", "{3D5DBC2E-EC7A-4771-8CF3-6105E2F61598}"
EndProject
Project("{9A19103F-16F7-4668-BE54-9A1E7A4F7556}") = "TempleLang.Diagnostic", "TempleLang.Diagnostic\TempleLang.Diagnostic.csproj", "{28C1EA8F-A1C4-4292-AD06-A4829EA89E74}"
EndProject
Project("{9A19103F-16F7-4668-BE54-9A1E7A4F7556}") = "TempleLang.Diagnostic.Manager", "TempleLang.Diagnostic.Manager\TempleLang.Diagnostic.Manager.csproj", "{68A513F7-66AD-4E21-B1A2-5FE50293E894}"
EndProject
Project("{FAE04EC0-301F-11D3-BF4B-00C04F79EFBC}") = "TempleLang.Binder", "TempleLang.Binder\TempleLang.Binder.csproj", "{54EE0EFB-CEE6-4893-8195-60276D3977D0}"
EndProject
Global
	GlobalSection(SolutionConfigurationPlatforms) = preSolution
		Debug|Any CPU = Debug|Any CPU
		Release|Any CPU = Release|Any CPU
	EndGlobalSection
	GlobalSection(ProjectConfigurationPlatforms) = postSolution
		{81829B6C-2EDA-4FED-B46A-4FAAA1280156}.Debug|Any CPU.ActiveCfg = Debug|Any CPU
		{81829B6C-2EDA-4FED-B46A-4FAAA1280156}.Debug|Any CPU.Build.0 = Debug|Any CPU
		{81829B6C-2EDA-4FED-B46A-4FAAA1280156}.Release|Any CPU.ActiveCfg = Release|Any CPU
		{81829B6C-2EDA-4FED-B46A-4FAAA1280156}.Release|Any CPU.Build.0 = Release|Any CPU
		{E60DBF2D-20FE-4542-8FDA-66F06EF63B63}.Debug|Any CPU.ActiveCfg = Debug|Any CPU
		{E60DBF2D-20FE-4542-8FDA-66F06EF63B63}.Debug|Any CPU.Build.0 = Debug|Any CPU
		{E60DBF2D-20FE-4542-8FDA-66F06EF63B63}.Release|Any CPU.ActiveCfg = Release|Any CPU
		{E60DBF2D-20FE-4542-8FDA-66F06EF63B63}.Release|Any CPU.Build.0 = Release|Any CPU
		{DDD12E43-9089-484E-9D76-57CC9D0C95F4}.Debug|Any CPU.ActiveCfg = Debug|Any CPU
		{DDD12E43-9089-484E-9D76-57CC9D0C95F4}.Debug|Any CPU.Build.0 = Debug|Any CPU
		{DDD12E43-9089-484E-9D76-57CC9D0C95F4}.Release|Any CPU.ActiveCfg = Release|Any CPU
		{DDD12E43-9089-484E-9D76-57CC9D0C95F4}.Release|Any CPU.Build.0 = Release|Any CPU
		{EF359EDF-7736-49CF-96A9-D29BCECBE92F}.Debug|Any CPU.ActiveCfg = Debug|Any CPU
		{EF359EDF-7736-49CF-96A9-D29BCECBE92F}.Debug|Any CPU.Build.0 = Debug|Any CPU
		{EF359EDF-7736-49CF-96A9-D29BCECBE92F}.Release|Any CPU.ActiveCfg = Release|Any CPU
		{EF359EDF-7736-49CF-96A9-D29BCECBE92F}.Release|Any CPU.Build.0 = Release|Any CPU
		{AC5682DF-F89A-4031-8D1D-4DB117EE261D}.Debug|Any CPU.ActiveCfg = Debug|Any CPU
		{AC5682DF-F89A-4031-8D1D-4DB117EE261D}.Debug|Any CPU.Build.0 = Debug|Any CPU
		{AC5682DF-F89A-4031-8D1D-4DB117EE261D}.Release|Any CPU.ActiveCfg = Release|Any CPU
		{AC5682DF-F89A-4031-8D1D-4DB117EE261D}.Release|Any CPU.Build.0 = Release|Any CPU
		{E50247F3-6D72-4188-9576-FC179C9CB5AF}.Debug|Any CPU.ActiveCfg = Debug|Any CPU
		{E50247F3-6D72-4188-9576-FC179C9CB5AF}.Debug|Any CPU.Build.0 = Debug|Any CPU
		{E50247F3-6D72-4188-9576-FC179C9CB5AF}.Release|Any CPU.ActiveCfg = Release|Any CPU
		{E50247F3-6D72-4188-9576-FC179C9CB5AF}.Release|Any CPU.Build.0 = Release|Any CPU
		{4F061146-6250-472F-A098-D921211071AD}.Debug|Any CPU.ActiveCfg = Debug|Any CPU
		{4F061146-6250-472F-A098-D921211071AD}.Debug|Any CPU.Build.0 = Debug|Any CPU
		{4F061146-6250-472F-A098-D921211071AD}.Release|Any CPU.ActiveCfg = Release|Any CPU
		{4F061146-6250-472F-A098-D921211071AD}.Release|Any CPU.Build.0 = Release|Any CPU
		{28C1EA8F-A1C4-4292-AD06-A4829EA89E74}.Debug|Any CPU.ActiveCfg = Debug|Any CPU
		{28C1EA8F-A1C4-4292-AD06-A4829EA89E74}.Debug|Any CPU.Build.0 = Debug|Any CPU
		{28C1EA8F-A1C4-4292-AD06-A4829EA89E74}.Release|Any CPU.ActiveCfg = Release|Any CPU
		{28C1EA8F-A1C4-4292-AD06-A4829EA89E74}.Release|Any CPU.Build.0 = Release|Any CPU
		{68A513F7-66AD-4E21-B1A2-5FE50293E894}.Debug|Any CPU.ActiveCfg = Debug|Any CPU
		{68A513F7-66AD-4E21-B1A2-5FE50293E894}.Debug|Any CPU.Build.0 = Debug|Any CPU
		{68A513F7-66AD-4E21-B1A2-5FE50293E894}.Release|Any CPU.ActiveCfg = Release|Any CPU
		{68A513F7-66AD-4E21-B1A2-5FE50293E894}.Release|Any CPU.Build.0 = Release|Any CPU
		{54EE0EFB-CEE6-4893-8195-60276D3977D0}.Debug|Any CPU.ActiveCfg = Debug|Any CPU
		{54EE0EFB-CEE6-4893-8195-60276D3977D0}.Debug|Any CPU.Build.0 = Debug|Any CPU
		{54EE0EFB-CEE6-4893-8195-60276D3977D0}.Release|Any CPU.ActiveCfg = Release|Any CPU
		{54EE0EFB-CEE6-4893-8195-60276D3977D0}.Release|Any CPU.Build.0 = Release|Any CPU
	EndGlobalSection
	GlobalSection(SolutionProperties) = preSolution
		HideSolutionNode = FALSE
	EndGlobalSection
	GlobalSection(NestedProjects) = preSolution
		{81829B6C-2EDA-4FED-B46A-4FAAA1280156} = {6B1E8D2E-2621-4205-8A52-921C31EB93F5}
		{E60DBF2D-20FE-4542-8FDA-66F06EF63B63} = {6B1E8D2E-2621-4205-8A52-921C31EB93F5}
		{EF359EDF-7736-49CF-96A9-D29BCECBE92F} = {A8A6EF5A-FFE3-4FDA-A33A-C962E09CFEFB}
		{AC5682DF-F89A-4031-8D1D-4DB117EE261D} = {A8A6EF5A-FFE3-4FDA-A33A-C962E09CFEFB}
		{E50247F3-6D72-4188-9576-FC179C9CB5AF} = {74C38B6F-6E61-4E17-A213-059696CAA13C}
		{4F061146-6250-472F-A098-D921211071AD} = {74C38B6F-6E61-4E17-A213-059696CAA13C}
		{28C1EA8F-A1C4-4292-AD06-A4829EA89E74} = {3D5DBC2E-EC7A-4771-8CF3-6105E2F61598}
		{68A513F7-66AD-4E21-B1A2-5FE50293E894} = {3D5DBC2E-EC7A-4771-8CF3-6105E2F61598}
		{54EE0EFB-CEE6-4893-8195-60276D3977D0} = {74C38B6F-6E61-4E17-A213-059696CAA13C}
	EndGlobalSection
	GlobalSection(ExtensibilityGlobals) = postSolution
		SolutionGuid = {92D071EE-B8AC-4214-92DD-76CFB27CDA28}
	EndGlobalSection
EndGlobal
