
Microsoft Visual Studio Solution File, Format Version 12.00
# Visual Studio Version 16
VisualStudioVersion = 16.0.29209.152
MinimumVisualStudioVersion = 10.0.40219.1
Project("{9A19103F-16F7-4668-BE54-9A1E7A4F7556}") = "TempleLang.Parser.Abstractions", "TempleLang.Parser.Abstractions\TempleLang.Parser.Abstractions.csproj", "{7545E8A9-50A2-4CCE-826C-585AD077EE4E}"
EndProject
Project("{9A19103F-16F7-4668-BE54-9A1E7A4F7556}") = "TempleLang.Lexer.Abstractions", "TempleLang.Lexer.Abstractions\TempleLang.Lexer.Abstractions.csproj", "{81829B6C-2EDA-4FED-B46A-4FAAA1280156}"
EndProject
Project("{2150E333-8FDC-42A3-9474-1A3956D46DE8}") = "Lexer", "Lexer", "{6B1E8D2E-2621-4205-8A52-921C31EB93F5}"
EndProject
Project("{2150E333-8FDC-42A3-9474-1A3956D46DE8}") = "Parser", "Parser", "{A8A6EF5A-FFE3-4FDA-A33A-C962E09CFEFB}"
EndProject
Project("{9A19103F-16F7-4668-BE54-9A1E7A4F7556}") = "TempleLang.Lexer", "TempleLang.Lexer\TempleLang.Lexer.csproj", "{E60DBF2D-20FE-4542-8FDA-66F06EF63B63}"
EndProject
Project("{FAE04EC0-301F-11D3-BF4B-00C04F79EFBC}") = "TempleLang.Test", "TempleLang.Test\TempleLang.Test.csproj", "{DDD12E43-9089-484E-9D76-57CC9D0C95F4}"
EndProject
Project("{FAE04EC0-301F-11D3-BF4B-00C04F79EFBC}") = "TempleLang.Parser", "TempleLang.Parser\TempleLang.Parser.csproj", "{081D9592-73F0-4E36-AC07-DAA34FF90822}"
EndProject
Global
	GlobalSection(SolutionConfigurationPlatforms) = preSolution
		Debug|Any CPU = Debug|Any CPU
		Release|Any CPU = Release|Any CPU
	EndGlobalSection
	GlobalSection(ProjectConfigurationPlatforms) = postSolution
		{7545E8A9-50A2-4CCE-826C-585AD077EE4E}.Debug|Any CPU.ActiveCfg = Debug|Any CPU
		{7545E8A9-50A2-4CCE-826C-585AD077EE4E}.Debug|Any CPU.Build.0 = Debug|Any CPU
		{7545E8A9-50A2-4CCE-826C-585AD077EE4E}.Release|Any CPU.ActiveCfg = Release|Any CPU
		{7545E8A9-50A2-4CCE-826C-585AD077EE4E}.Release|Any CPU.Build.0 = Release|Any CPU
		{81829B6C-2EDA-4FED-B46A-4FAAA1280156}.Debug|Any CPU.ActiveCfg = Debug|Any CPU
		{81829B6C-2EDA-4FED-B46A-4FAAA1280156}.Debug|Any CPU.Build.0 = Debug|Any CPU
		{81829B6C-2EDA-4FED-B46A-4FAAA1280156}.Release|Any CPU.ActiveCfg = Release|Any CPU
		{81829B6C-2EDA-4FED-B46A-4FAAA1280156}.Release|Any CPU.Build.0 = Release|Any CPU
		{E60DBF2D-20FE-4542-8FDA-66F06EF63B63}.Debug|Any CPU.ActiveCfg = Debug|Any CPU
		{E60DBF2D-20FE-4542-8FDA-66F06EF63B63}.Debug|Any CPU.Build.0 = Debug|Any CPU
		{E60DBF2D-20FE-4542-8FDA-66F06EF63B63}.Release|Any CPU.ActiveCfg = Release|Any CPU
		{E60DBF2D-20FE-4542-8FDA-66F06EF63B63}.Release|Any CPU.Build.0 = Release|Any CPU
		{DDD12E43-9089-484E-9D76-57CC9D0C95F4}.Debug|Any CPU.ActiveCfg = Debug|Any CPU
		{DDD12E43-9089-484E-9D76-57CC9D0C95F4}.Debug|Any CPU.Build.0 = Debug|Any CPU
		{DDD12E43-9089-484E-9D76-57CC9D0C95F4}.Release|Any CPU.ActiveCfg = Release|Any CPU
		{DDD12E43-9089-484E-9D76-57CC9D0C95F4}.Release|Any CPU.Build.0 = Release|Any CPU
		{081D9592-73F0-4E36-AC07-DAA34FF90822}.Debug|Any CPU.ActiveCfg = Debug|Any CPU
		{081D9592-73F0-4E36-AC07-DAA34FF90822}.Debug|Any CPU.Build.0 = Debug|Any CPU
		{081D9592-73F0-4E36-AC07-DAA34FF90822}.Release|Any CPU.ActiveCfg = Release|Any CPU
		{081D9592-73F0-4E36-AC07-DAA34FF90822}.Release|Any CPU.Build.0 = Release|Any CPU
	EndGlobalSection
	GlobalSection(SolutionProperties) = preSolution
		HideSolutionNode = FALSE
	EndGlobalSection
	GlobalSection(NestedProjects) = preSolution
		{7545E8A9-50A2-4CCE-826C-585AD077EE4E} = {A8A6EF5A-FFE3-4FDA-A33A-C962E09CFEFB}
		{81829B6C-2EDA-4FED-B46A-4FAAA1280156} = {6B1E8D2E-2621-4205-8A52-921C31EB93F5}
		{E60DBF2D-20FE-4542-8FDA-66F06EF63B63} = {6B1E8D2E-2621-4205-8A52-921C31EB93F5}
		{081D9592-73F0-4E36-AC07-DAA34FF90822} = {A8A6EF5A-FFE3-4FDA-A33A-C962E09CFEFB}
	EndGlobalSection
	GlobalSection(ExtensibilityGlobals) = postSolution
		SolutionGuid = {92D071EE-B8AC-4214-92DD-76CFB27CDA28}
	EndGlobalSection
EndGlobal
